{
  "originHash" : "5582d72ca14f93f86b6a90ecffc8191335d75b185c742065e3cc05e5c0d65d8b",
  "pins" : [
    {
      "identity" : "guernikakit",
      "kind" : "remoteSourceControl",
      "location" : "https://github.com/GuernikaCore/GuernikaKit.git",
      "state" : {
        "revision" : "922f0c07b4456c2ef4e03fa21fdf4d6a3108623a",
        "version" : "1.6.2"
      }
    },
    {
      "identity" : "randomgenerator",
      "kind" : "remoteSourceControl",
      "location" : "https://github.com/GuernikaCore/RandomGenerator.git",
      "state" : {
        "revision" : "7c91e2f454ecc753075a526cf5ffc34d3c4a10c5",
        "version" : "1.0.0"
      }
    },
    {
      "identity" : "schedulers",
      "kind" : "remoteSourceControl",
      "location" : "https://github.com/GuernikaCore/Schedulers.git",
      "state" : {
        "revision" : "1f517514d679e38bb9915c3a74bf04f75d5b5875",
        "version" : "1.4.0"
      }
    }
  ],
  "version" : 3
}
