// !$*UTF8*$!
{
	archiveVersion = 1;
	classes = {
	};
	objectVersion = 77;
	objects = {

/* Begin PBXBuildFile section */
		ECF343802E396D9C007FB944 /* GuernikaKit in Frameworks */ = {isa = PBXBuildFile; productRef = ECF3437F2E396D9C007FB944 /* GuernikaKit */; };
/* End PBXBuildFile section */

/* Begin PBXContainerItemProxy section */
		ECF343232E385564007FB944 /* PBXContainerItemProxy */ = {
			isa = PBXContainerItemProxy;
			containerPortal = ECF343082E385563007FB944 /* Project object */;
			proxyType = 1;
			remoteGlobalIDString = ECF3430F2E385563007FB944;
			remoteInfo = "In-painting";
		};
		ECF3432D2E385564007FB944 /* PBXContainerItemProxy */ = {
			isa = PBXContainerItemProxy;
			containerPortal = ECF343082E385563007FB944 /* Project object */;
			proxyType = 1;
			remoteGlobalIDString = ECF3430F2E385563007FB944;
			remoteInfo = "In-painting";
		};
/* End PBXContainerItemProxy section */

/* Begin PBXFileReference section */
		ECF343102E385563007FB944 /* In-painting.app */ = {isa = PBXFileReference; explicitFileType = wrapper.application; includeInIndex = 0; path = "In-painting.app"; sourceTree = BUILT_PRODUCTS_DIR; };
		ECF343222E385564007FB944 /* In-paintingTests.xctest */ = {isa = PBXFileReference; explicitFileType = wrapper.cfbundle; includeInIndex = 0; path = "In-paintingTests.xctest"; sourceTree = BUILT_PRODUCTS_DIR; };
		ECF3432C2E385564007FB944 /* In-paintingUITests.xctest */ = {isa = PBXFileReference; explicitFileType = wrapper.cfbundle; includeInIndex = 0; path = "In-paintingUITests.xctest"; sourceTree = BUILT_PRODUCTS_DIR; };
/* End PBXFileReference section */

/* Begin PBXFileSystemSynchronizedRootGroup section */
		ECF343122E385563007FB944 /* In-painting */ = {
			isa = PBXFileSystemSynchronizedRootGroup;
			path = "In-painting";
			sourceTree = "<group>";
		};
		ECF343252E385564007FB944 /* In-paintingTests */ = {
			isa = PBXFileSystemSynchronizedRootGroup;
			path = "In-paintingTests";
			sourceTree = "<group>";
		};
		ECF3432F2E385564007FB944 /* In-paintingUITests */ = {
			isa = PBXFileSystemSynchronizedRootGroup;
			path = "In-paintingUITests";
			sourceTree = "<group>";
		};
/* End PBXFileSystemSynchronizedRootGroup section */

/* Begin PBXFrameworksBuildPhase section */
		ECF3430D2E385563007FB944 /* Frameworks */ = {
			isa = PBXFrameworksBuildPhase;
			buildActionMask = 2147483647;
			files = (
				ECF343802E396D9C007FB944 /* GuernikaKit in Frameworks */,
			);
			runOnlyForDeploymentPostprocessing = 0;
		};
		ECF3431F2E385564007FB944 /* Frameworks */ = {
			isa = PBXFrameworksBuildPhase;
			buildActionMask = 2147483647;
			files = (
			);
			runOnlyForDeploymentPostprocessing = 0;
		};
		ECF343292E385564007FB944 /* Frameworks */ = {
			isa = PBXFrameworksBuildPhase;
			buildActionMask = 2147483647;
			files = (
			);
			runOnlyForDeploymentPostprocessing = 0;
		};
/* End PBXFrameworksBuildPhase section */

/* Begin PBXGroup section */
		ECF343072E385563007FB944 = {
			isa = PBXGroup;
			children = (
				ECF343122E385563007FB944 /* In-painting */,
				ECF343252E385564007FB944 /* In-paintingTests */,
				ECF3432F2E385564007FB944 /* In-paintingUITests */,
				ECF343112E385563007FB944 /* Products */,
				ECF3437E2E396D9C007FB944 /* Frameworks */,
			);
			sourceTree = "<group>";
		};
		ECF343112E385563007FB944 /* Products */ = {
			isa = PBXGroup;
			children = (
				ECF343102E385563007FB944 /* In-painting.app */,
				ECF343222E385564007FB944 /* In-paintingTests.xctest */,
				ECF3432C2E385564007FB944 /* In-paintingUITests.xctest */,
			);
			name = Products;
			sourceTree = "<group>";
		};
		ECF3437E2E396D9C007FB944 /* Frameworks */ = {
			isa = PBXGroup;
			children = (
			);
			name = Frameworks;
			sourceTree = "<group>";
		};
/* End PBXGroup section */

/* Begin PBXNativeTarget section */
		ECF3430F2E385563007FB944 /* In-painting */ = {
			isa = PBXNativeTarget;
			buildConfigurationList = ECF343362E385564007FB944 /* Build configuration list for PBXNativeTarget "In-painting" */;
			buildPhases = (
				ECF3430C2E385563007FB944 /* Sources */,
				ECF3430D2E385563007FB944 /* Frameworks */,
				ECF3430E2E385563007FB944 /* Resources */,
			);
			buildRules = (
			);
			dependencies = (
			);
			fileSystemSynchronizedGroups = (
				ECF343122E385563007FB944 /* In-painting */,
			);
			name = "In-painting";
			packageProductDependencies = (
				ECF3437F2E396D9C007FB944 /* GuernikaKit */,
			);
			productName = "In-painting";
			productReference = ECF343102E385563007FB944 /* In-painting.app */;
			productType = "com.apple.product-type.application";
		};
		ECF343212E385564007FB944 /* In-paintingTests */ = {
			isa = PBXNativeTarget;
			buildConfigurationList = ECF343392E385564007FB944 /* Build configuration list for PBXNativeTarget "In-paintingTests" */;
			buildPhases = (
				ECF3431E2E385564007FB944 /* Sources */,
				ECF3431F2E385564007FB944 /* Frameworks */,
				ECF343202E385564007FB944 /* Resources */,
			);
			buildRules = (
			);
			dependencies = (
				ECF343242E385564007FB944 /* PBXTargetDependency */,
			);
			fileSystemSynchronizedGroups = (
				ECF343252E385564007FB944 /* In-paintingTests */,
			);
			name = "In-paintingTests";
			packageProductDependencies = (
			);
			productName = "In-paintingTests";
			productReference = ECF343222E385564007FB944 /* In-paintingTests.xctest */;
			productType = "com.apple.product-type.bundle.unit-test";
		};
		ECF3432B2E385564007FB944 /* In-paintingUITests */ = {
			isa = PBXNativeTarget;
			buildConfigurationList = ECF3433C2E385564007FB944 /* Build configuration list for PBXNativeTarget "In-paintingUITests" */;
			buildPhases = (
				ECF343282E385564007FB944 /* Sources */,
				ECF343292E385564007FB944 /* Frameworks */,
				ECF3432A2E385564007FB944 /* Resources */,
			);
			buildRules = (
			);
			dependencies = (
				ECF3432E2E385564007FB944 /* PBXTargetDependency */,
			);
			fileSystemSynchronizedGroups = (
				ECF3432F2E385564007FB944 /* In-paintingUITests */,
			);
			name = "In-paintingUITests";
			packageProductDependencies = (
			);
			productName = "In-paintingUITests";
			productReference = ECF3432C2E385564007FB944 /* In-paintingUITests.xctest */;
			productType = "com.apple.product-type.bundle.ui-testing";
		};
/* End PBXNativeTarget section */

/* Begin PBXProject section */
		ECF343082E385563007FB944 /* Project object */ = {
			isa = PBXProject;
			attributes = {
				BuildIndependentTargetsInParallel = 1;
				LastSwiftUpdateCheck = 1630;
				LastUpgradeCheck = 1630;
				TargetAttributes = {
					ECF3430F2E385563007FB944 = {
						CreatedOnToolsVersion = 16.3;
					};
					ECF343212E385564007FB944 = {
						CreatedOnToolsVersion = 16.3;
						TestTargetID = ECF3430F2E385563007FB944;
					};
					ECF3432B2E385564007FB944 = {
						CreatedOnToolsVersion = 16.3;
						TestTargetID = ECF3430F2E385563007FB944;
					};
				};
			};
			buildConfigurationList = ECF3430B2E385563007FB944 /* Build configuration list for PBXProject "In-painting" */;
			developmentRegion = en;
			hasScannedForEncodings = 0;
			knownRegions = (
				en,
				Base,
			);
			mainGroup = ECF343072E385563007FB944;
			minimizedProjectReferenceProxies = 1;
			packageReferences = (
				ECF343582E395F5D007FB944 /* XCRemoteSwiftPackageReference "GuernikaKit" */,
			);
			preferredProjectObjectVersion = 77;
			productRefGroup = ECF343112E385563007FB944 /* Products */;
			projectDirPath = "";
			projectRoot = "";
			targets = (
				ECF3430F2E385563007FB944 /* In-painting */,
				ECF343212E385564007FB944 /* In-paintingTests */,
				ECF3432B2E385564007FB944 /* In-paintingUITests */,
			);
		};
/* End PBXProject section */

/* Begin PBXResourcesBuildPhase section */
		ECF3430E2E385563007FB944 /* Resources */ = {
			isa = PBXResourcesBuildPhase;
			buildActionMask = 2147483647;
			files = (
			);
			runOnlyForDeploymentPostprocessing = 0;
		};
		ECF343202E385564007FB944 /* Resources */ = {
			isa = PBXResourcesBuildPhase;
			buildActionMask = 2147483647;
			files = (
			);
			runOnlyForDeploymentPostprocessing = 0;
		};
		ECF3432A2E385564007FB944 /* Resources */ = {
			isa = PBXResourcesBuildPhase;
			buildActionMask = 2147483647;
			files = (
			);
			runOnlyForDeploymentPostprocessing = 0;
		};
/* End PBXResourcesBuildPhase section */

/* Begin PBXSourcesBuildPhase section */
		ECF3430C2E385563007FB944 /* Sources */ = {
			isa = PBXSourcesBuildPhase;
			buildActionMask = 2147483647;
			files = (
			);
			runOnlyForDeploymentPostprocessing = 0;
		};
		ECF3431E2E385564007FB944 /* Sources */ = {
			isa = PBXSourcesBuildPhase;
			buildActionMask = 2147483647;
			files = (
			);
			runOnlyForDeploymentPostprocessing = 0;
		};
		ECF343282E385564007FB944 /* Sources */ = {
			isa = PBXSourcesBuildPhase;
			buildActionMask = 2147483647;
			files = (
			);
			runOnlyForDeploymentPostprocessing = 0;
		};
/* End PBXSourcesBuildPhase section */

/* Begin PBXTargetDependency section */
		ECF343242E385564007FB944 /* PBXTargetDependency */ = {
			isa = PBXTargetDependency;
			target = ECF3430F2E385563007FB944 /* In-painting */;
			targetProxy = ECF343232E385564007FB944 /* PBXContainerItemProxy */;
		};
		ECF3432E2E385564007FB944 /* PBXTargetDependency */ = {
			isa = PBXTargetDependency;
			target = ECF3430F2E385563007FB944 /* In-painting */;
			targetProxy = ECF3432D2E385564007FB944 /* PBXContainerItemProxy */;
		};
/* End PBXTargetDependency section */

/* Begin XCBuildConfiguration section */
		ECF343342E385564007FB944 /* Debug */ = {
			isa = XCBuildConfiguration;
			buildSettings = {
				ALWAYS_SEARCH_USER_PATHS = NO;
				ASSETCATALOG_COMPILER_GENERATE_SWIFT_ASSET_SYMBOL_EXTENSIONS = YES;
				CLANG_ANALYZER_NONNULL = YES;
				CLANG_ANALYZER_NUMBER_OBJECT_CONVERSION = YES_AGGRESSIVE;
				CLANG_CXX_LANGUAGE_STANDARD = "gnu++20";
				CLANG_ENABLE_MODULES = YES;
				CLANG_ENABLE_OBJC_ARC = YES;
				CLANG_ENABLE_OBJC_WEAK = YES;
				CLANG_WARN_BLOCK_CAPTURE_AUTORELEASING = YES;
				CLANG_WARN_BOOL_CONVERSION = YES;
				CLANG_WARN_COMMA = YES;
				CLANG_WARN_CONSTANT_CONVERSION = YES;
				CLANG_WARN_DEPRECATED_OBJC_IMPLEMENTATIONS = YES;
				CLANG_WARN_DIRECT_OBJC_ISA_USAGE = YES_ERROR;
				CLANG_WARN_DOCUMENTATION_COMMENTS = YES;
				CLANG_WARN_EMPTY_BODY = YES;
				CLANG_WARN_ENUM_CONVERSION = YES;
				CLANG_WARN_INFINITE_RECURSION = YES;
				CLANG_WARN_INT_CONVERSION = YES;
				CLANG_WARN_NON_LITERAL_NULL_CONVERSION = YES;
				CLANG_WARN_OBJC_IMPLICIT_RETAIN_SELF = YES;
				CLANG_WARN_OBJC_LITERAL_CONVERSION = YES;
				CLANG_WARN_OBJC_ROOT_CLASS = YES_ERROR;
				CLANG_WARN_QUOTED_INCLUDE_IN_FRAMEWORK_HEADER = YES;
				CLANG_WARN_RANGE_LOOP_ANALYSIS = YES;
				CLANG_WARN_STRICT_PROTOTYPES = YES;
				CLANG_WARN_SUSPICIOUS_MOVE = YES;
				CLANG_WARN_UNGUARDED_AVAILABILITY = YES_AGGRESSIVE;
				CLANG_WARN_UNREACHABLE_CODE = YES;
				CLANG_WARN__DUPLICATE_METHOD_MATCH = YES;
				COPY_PHASE_STRIP = NO;
				DEBUG_INFORMATION_FORMAT = dwarf;
				DEVELOPMENT_TEAM = 6WZSN68H99;
				ENABLE_STRICT_OBJC_MSGSEND = YES;
				ENABLE_TESTABILITY = YES;
				ENABLE_USER_SCRIPT_SANDBOXING = YES;
				GCC_C_LANGUAGE_STANDARD = gnu17;
				GCC_DYNAMIC_NO_PIC = NO;
				GCC_NO_COMMON_BLOCKS = YES;
				GCC_OPTIMIZATION_LEVEL = 0;
				GCC_PREPROCESSOR_DEFINITIONS = (
					"DEBUG=1",
					"$(inherited)",
				);
				GCC_WARN_64_TO_32_BIT_CONVERSION = YES;
				GCC_WARN_ABOUT_RETURN_TYPE = YES_ERROR;
				GCC_WARN_UNDECLARED_SELECTOR = YES;
				GCC_WARN_UNINITIALIZED_AUTOS = YES_AGGRESSIVE;
				GCC_WARN_UNUSED_FUNCTION = YES;
				GCC_WARN_UNUSED_VARIABLE = YES;
				IPHONEOS_DEPLOYMENT_TARGET = 18.4;
				LOCALIZATION_PREFERS_STRING_CATALOGS = YES;
				MTL_ENABLE_DEBUG_INFO = INCLUDE_SOURCE;
				MTL_FAST_MATH = YES;
				ONLY_ACTIVE_ARCH = YES;
				SDKROOT = iphoneos;
				SWIFT_ACTIVE_COMPILATION_CONDITIONS = "DEBUG $(inherited)";
				SWIFT_OPTIMIZATION_LEVEL = "-Onone";
			};
			name = Debug;
		};
		ECF343352E385564007FB944 /* Release */ = {
			isa = XCBuildConfiguration;
			buildSettings = {
				ALWAYS_SEARCH_USER_PATHS = NO;
				ASSETCATALOG_COMPILER_GENERATE_SWIFT_ASSET_SYMBOL_EXTENSIONS = YES;
				CLANG_ANALYZER_NONNULL = YES;
				CLANG_ANALYZER_NUMBER_OBJECT_CONVERSION = YES_AGGRESSIVE;
				CLANG_CXX_LANGUAGE_STANDARD = "gnu++20";
				CLANG_ENABLE_MODULES = YES;
				CLANG_ENABLE_OBJC_ARC = YES;
				CLANG_ENABLE_OBJC_WEAK = YES;
				CLANG_WARN_BLOCK_CAPTURE_AUTORELEASING = YES;
				CLANG_WARN_BOOL_CONVERSION = YES;
				CLANG_WARN_COMMA = YES;
				CLANG_WARN_CONSTANT_CONVERSION = YES;
				CLANG_WARN_DEPRECATED_OBJC_IMPLEMENTATIONS = YES;
				CLANG_WARN_DIRECT_OBJC_ISA_USAGE = YES_ERROR;
				CLANG_WARN_DOCUMENTATION_COMMENTS = YES;
				CLANG_WARN_EMPTY_BODY = YES;
				CLANG_WARN_ENUM_CONVERSION = YES;
				CLANG_WARN_INFINITE_RECURSION = YES;
				CLANG_WARN_INT_CONVERSION = YES;
				CLANG_WARN_NON_LITERAL_NULL_CONVERSION = YES;
				CLANG_WARN_OBJC_IMPLICIT_RETAIN_SELF = YES;
				CLANG_WARN_OBJC_LITERAL_CONVERSION = YES;
				CLANG_WARN_OBJC_ROOT_CLASS = YES_ERROR;
				CLANG_WARN_QUOTED_INCLUDE_IN_FRAMEWORK_HEADER = YES;
				CLANG_WARN_RANGE_LOOP_ANALYSIS = YES;
				CLANG_WARN_STRICT_PROTOTYPES = YES;
				CLANG_WARN_SUSPICIOUS_MOVE = YES;
				CLANG_WARN_UNGUARDED_AVAILABILITY = YES_AGGRESSIVE;
				CLANG_WARN_UNREACHABLE_CODE = YES;
				CLANG_WARN__DUPLICATE_METHOD_MATCH = YES;
				COPY_PHASE_STRIP = NO;
				DEBUG_INFORMATION_FORMAT = "dwarf-with-dsym";
				DEVELOPMENT_TEAM = 6WZSN68H99;
				ENABLE_NS_ASSERTIONS = NO;
				ENABLE_STRICT_OBJC_MSGSEND = YES;
				ENABLE_USER_SCRIPT_SANDBOXING = YES;
				GCC_C_LANGUAGE_STANDARD = gnu17;
				GCC_NO_COMMON_BLOCKS = YES;
				GCC_WARN_64_TO_32_BIT_CONVERSION = YES;
				GCC_WARN_ABOUT_RETURN_TYPE = YES_ERROR;
				GCC_WARN_UNDECLARED_SELECTOR = YES;
				GCC_WARN_UNINITIALIZED_AUTOS = YES_AGGRESSIVE;
				GCC_WARN_UNUSED_FUNCTION = YES;
				GCC_WARN_UNUSED_VARIABLE = YES;
				IPHONEOS_DEPLOYMENT_TARGET = 18.4;
				LOCALIZATION_PREFERS_STRING_CATALOGS = YES;
				MTL_ENABLE_DEBUG_INFO = NO;
				MTL_FAST_MATH = YES;
				SDKROOT = iphoneos;
				SWIFT_COMPILATION_MODE = wholemodule;
				VALIDATE_PRODUCT = YES;
			};
			name = Release;
		};
		ECF343372E385564007FB944 /* Debug */ = {
			isa = XCBuildConfiguration;
			buildSettings = {
				ASSETCATALOG_COMPILER_APPICON_NAME = AppIcon;
				ASSETCATALOG_COMPILER_GLOBAL_ACCENT_COLOR_NAME = AccentColor;
				CODE_SIGN_STYLE = Automatic;
				CURRENT_PROJECT_VERSION = 1;
				DEVELOPMENT_TEAM = 6WZSN68H99;
				ENABLE_PREVIEWS = YES;
				GENERATE_INFOPLIST_FILE = YES;
				INFOPLIST_KEY_UIApplicationSceneManifest_Generation = YES;
				INFOPLIST_KEY_UIApplicationSupportsIndirectInputEvents = YES;
				INFOPLIST_KEY_UILaunchScreen_Generation = YES;
				INFOPLIST_KEY_UISupportedInterfaceOrientations_iPad = "UIInterfaceOrientationPortrait UIInterfaceOrientationPortraitUpsideDown UIInterfaceOrientationLandscapeLeft UIInterfaceOrientationLandscapeRight";
				INFOPLIST_KEY_UISupportedInterfaceOrientations_iPhone = "UIInterfaceOrientationPortrait UIInterfaceOrientationLandscapeLeft UIInterfaceOrientationLandscapeRight";
				LD_RUNPATH_SEARCH_PATHS = (
					"$(inherited)",
					"@executable_path/Frameworks",
				);
				MARKETING_VERSION = 1.0;
				PRODUCT_BUNDLE_IDENTIFIER = "-.In-painting";
				PRODUCT_NAME = "$(TARGET_NAME)";
				SWIFT_EMIT_LOC_STRINGS = YES;
				SWIFT_VERSION = 5.0;
				TARGETED_DEVICE_FAMILY = "1,2";
			};
			name = Debug;
		};
		ECF343382E385564007FB944 /* Release */ = {
			isa = XCBuildConfiguration;
			buildSettings = {
				ASSETCATALOG_COMPILER_APPICON_NAME = AppIcon;
				ASSETCATALOG_COMPILER_GLOBAL_ACCENT_COLOR_NAME = AccentColor;
				CODE_SIGN_STYLE = Automatic;
				CURRENT_PROJECT_VERSION = 1;
				DEVELOPMENT_TEAM = 6WZSN68H99;
				ENABLE_PREVIEWS = YES;
				GENERATE_INFOPLIST_FILE = YES;
				INFOPLIST_KEY_UIApplicationSceneManifest_Generation = YES;
				INFOPLIST_KEY_UIApplicationSupportsIndirectInputEvents = YES;
				INFOPLIST_KEY_UILaunchScreen_Generation = YES;
				INFOPLIST_KEY_UISupportedInterfaceOrientations_iPad = "UIInterfaceOrientationPortrait UIInterfaceOrientationPortraitUpsideDown UIInterfaceOrientationLandscapeLeft UIInterfaceOrientationLandscapeRight";
				INFOPLIST_KEY_UISupportedInterfaceOrientations_iPhone = "UIInterfaceOrientationPortrait UIInterfaceOrientationLandscapeLeft UIInterfaceOrientationLandscapeRight";
				LD_RUNPATH_SEARCH_PATHS = (
					"$(inherited)",
					"@executable_path/Frameworks",
				);
				MARKETING_VERSION = 1.0;
				PRODUCT_BUNDLE_IDENTIFIER = "-.In-painting";
				PRODUCT_NAME = "$(TARGET_NAME)";
				SWIFT_EMIT_LOC_STRINGS = YES;
				SWIFT_VERSION = 5.0;
				TARGETED_DEVICE_FAMILY = "1,2";
			};
			name = Release;
		};
		ECF3433A2E385564007FB944 /* Debug */ = {
			isa = XCBuildConfiguration;
			buildSettings = {
				BUNDLE_LOADER = "$(TEST_HOST)";
				CODE_SIGN_STYLE = Automatic;
				CURRENT_PROJECT_VERSION = 1;
				DEVELOPMENT_TEAM = 6WZSN68H99;
				GENERATE_INFOPLIST_FILE = YES;
				IPHONEOS_DEPLOYMENT_TARGET = 18.4;
				MARKETING_VERSION = 1.0;
				PRODUCT_BUNDLE_IDENTIFIER = "-.In-paintingTests";
				PRODUCT_NAME = "$(TARGET_NAME)";
				SWIFT_EMIT_LOC_STRINGS = NO;
				SWIFT_VERSION = 5.0;
				TARGETED_DEVICE_FAMILY = "1,2";
				TEST_HOST = "$(BUILT_PRODUCTS_DIR)/In-painting.app/$(BUNDLE_EXECUTABLE_FOLDER_PATH)/In-painting";
			};
			name = Debug;
		};
		ECF3433B2E385564007FB944 /* Release */ = {
			isa = XCBuildConfiguration;
			buildSettings = {
				BUNDLE_LOADER = "$(TEST_HOST)";
				CODE_SIGN_STYLE = Automatic;
				CURRENT_PROJECT_VERSION = 1;
				DEVELOPMENT_TEAM = 6WZSN68H99;
				GENERATE_INFOPLIST_FILE = YES;
				IPHONEOS_DEPLOYMENT_TARGET = 18.4;
				MARKETING_VERSION = 1.0;
				PRODUCT_BUNDLE_IDENTIFIER = "-.In-paintingTests";
				PRODUCT_NAME = "$(TARGET_NAME)";
				SWIFT_EMIT_LOC_STRINGS = NO;
				SWIFT_VERSION = 5.0;
				TARGETED_DEVICE_FAMILY = "1,2";
				TEST_HOST = "$(BUILT_PRODUCTS_DIR)/In-painting.app/$(BUNDLE_EXECUTABLE_FOLDER_PATH)/In-painting";
			};
			name = Release;
		};
		ECF3433D2E385564007FB944 /* Debug */ = {
			isa = XCBuildConfiguration;
			buildSettings = {
				CODE_SIGN_STYLE = Automatic;
				CURRENT_PROJECT_VERSION = 1;
				DEVELOPMENT_TEAM = 6WZSN68H99;
				GENERATE_INFOPLIST_FILE = YES;
				MARKETING_VERSION = 1.0;
				PRODUCT_BUNDLE_IDENTIFIER = "-.In-paintingUITests";
				PRODUCT_NAME = "$(TARGET_NAME)";
				SWIFT_EMIT_LOC_STRINGS = NO;
				SWIFT_VERSION = 5.0;
				TARGETED_DEVICE_FAMILY = "1,2";
				TEST_TARGET_NAME = "In-painting";
			};
			name = Debug;
		};
		ECF3433E2E385564007FB944 /* Release */ = {
			isa = XCBuildConfiguration;
			buildSettings = {
				CODE_SIGN_STYLE = Automatic;
				CURRENT_PROJECT_VERSION = 1;
				DEVELOPMENT_TEAM = 6WZSN68H99;
				GENERATE_INFOPLIST_FILE = YES;
				MARKETING_VERSION = 1.0;
				PRODUCT_BUNDLE_IDENTIFIER = "-.In-paintingUITests";
				PRODUCT_NAME = "$(TARGET_NAME)";
				SWIFT_EMIT_LOC_STRINGS = NO;
				SWIFT_VERSION = 5.0;
				TARGETED_DEVICE_FAMILY = "1,2";
				TEST_TARGET_NAME = "In-painting";
			};
			name = Release;
		};
/* End XCBuildConfiguration section */

/* Begin XCConfigurationList section */
		ECF3430B2E385563007FB944 /* Build configuration list for PBXProject "In-painting" */ = {
			isa = XCConfigurationList;
			buildConfigurations = (
				ECF343342E385564007FB944 /* Debug */,
				ECF343352E385564007FB944 /* Release */,
			);
			defaultConfigurationIsVisible = 0;
			defaultConfigurationName = Release;
		};
		ECF343362E385564007FB944 /* Build configuration list for PBXNativeTarget "In-painting" */ = {
			isa = XCConfigurationList;
			buildConfigurations = (
				ECF343372E385564007FB944 /* Debug */,
				ECF343382E385564007FB944 /* Release */,
			);
			defaultConfigurationIsVisible = 0;
			defaultConfigurationName = Release;
		};
		ECF343392E385564007FB944 /* Build configuration list for PBXNativeTarget "In-paintingTests" */ = {
			isa = XCConfigurationList;
			buildConfigurations = (
				ECF3433A2E385564007FB944 /* Debug */,
				ECF3433B2E385564007FB944 /* Release */,
			);
			defaultConfigurationIsVisible = 0;
			defaultConfigurationName = Release;
		};
		ECF3433C2E385564007FB944 /* Build configuration list for PBXNativeTarget "In-paintingUITests" */ = {
			isa = XCConfigurationList;
			buildConfigurations = (
				ECF3433D2E385564007FB944 /* Debug */,
				ECF3433E2E385564007FB944 /* Release */,
			);
			defaultConfigurationIsVisible = 0;
			defaultConfigurationName = Release;
		};
/* End XCConfigurationList section */

/* Begin XCRemoteSwiftPackageReference section */
		ECF343582E395F5D007FB944 /* XCRemoteSwiftPackageReference "GuernikaKit" */ = {
			isa = XCRemoteSwiftPackageReference;
			repositoryURL = "https://github.com/GuernikaCore/GuernikaKit.git";
			requirement = {
				kind = upToNextMajorVersion;
				minimumVersion = 1.6.2;
			};
		};
/* End XCRemoteSwiftPackageReference section */

/* Begin XCSwiftPackageProductDependency section */
		ECF3437F2E396D9C007FB944 /* GuernikaKit */ = {
			isa = XCSwiftPackageProductDependency;
			package = ECF343582E395F5D007FB944 /* XCRemoteSwiftPackageReference "GuernikaKit" */;
			productName = GuernikaKit;
		};
/* End XCSwiftPackageProductDependency section */
	};
	rootObject = ECF343082E385563007FB944 /* Project object */;
}
